
Microsoft Visual Studio Solution File, Format Version 12.00
# Visual Studio Version 16
VisualStudioVersion = 16.0.28729.10
MinimumVisualStudioVersion = 10.0.40219.1
Project("{FAE04EC0-301F-11D3-BF4B-00C04F79EFBC}") = "NoForcedCameraZoom", "CameraZoom\NoForcedCameraZoom.csproj", "{2DA7411D-A78C-4ECA-AEF2-729B3CAFCD13}"
EndProject
Global
	GlobalSection(SolutionConfigurationPlatforms) = preSolution
		Debug|Any CPU = Debug|Any CPU
		Release|Any CPU = Release|Any CPU
	EndGlobalSection
	GlobalSection(ProjectConfigurationPlatforms) = postSolution
		{2DA7411D-A78C-4ECA-AEF2-729B3CAFCD13}.Debug|Any CPU.ActiveCfg = Debug|Any CPU
		{2DA7411D-A78C-4ECA-AEF2-729B3CAFCD13}.Debug|Any CPU.Build.0 = Debug|Any CPU
		{2DA7411D-A78C-4ECA-AEF2-729B3CAFCD13}.Release|Any CPU.ActiveCfg = Release|Any CPU
		{2DA7411D-A78C-4ECA-AEF2-729B3CAFCD13}.Release|Any CPU.Build.0 = Release|Any CPU
	EndGlobalSection
	GlobalSection(SolutionProperties) = preSolution
		HideSolutionNode = FALSE
	EndGlobalSection
	GlobalSection(ExtensibilityGlobals) = postSolution
		SolutionGuid = {0C9367DB-4431-48F0-A06A-452C099B3A01}
	EndGlobalSection
EndGlobal
